
Microsoft Visual Studio Solution File, Format Version 12.00
# Visual Studio Version 18
VisualStudioVersion = 18.2.11415.280 d18.0
MinimumVisualStudioVersion = 10.0.40219.1
Project("{FAE04EC0-301F-11D3-BF4B-00C04F79EFBC}") = "CBVSignalR", "CBV.SignalR\CBVSignalR.csproj", "{A91A0A77-4D09-977D-47FB-D6098A4DDD42}"
EndProject
Project("{FAE04EC0-301F-11D3-BF4B-00C04F79EFBC}") = "CBV.Shared", "CBV.Shared\CBV.Shared.csproj", "{050373B3-13F8-AE93-2968-39267CA37D93}"
EndProject
Global
	GlobalSection(SolutionConfigurationPlatforms) = preSolution
		Debug|Any CPU = Debug|Any CPU
		Release|Any CPU = Release|Any CPU
	EndGlobalSection
	GlobalSection(ProjectConfigurationPlatforms) = postSolution
		{A91A0A77-4D09-977D-47FB-D6098A4DDD42}.Debug|Any CPU.ActiveCfg = Debug|Any CPU
		{A91A0A77-4D09-977D-47FB-D6098A4DDD42}.Debug|Any CPU.Build.0 = Debug|Any CPU
		{A91A0A77-4D09-977D-47FB-D6098A4DDD42}.Release|Any CPU.ActiveCfg = Release|Any CPU
		{A91A0A77-4D09-977D-47FB-D6098A4DDD42}.Release|Any CPU.Build.0 = Release|Any CPU
		{050373B3-13F8-AE93-2968-39267CA37D93}.Debug|Any CPU.ActiveCfg = Debug|Any CPU
		{050373B3-13F8-AE93-2968-39267CA37D93}.Debug|Any CPU.Build.0 = Debug|Any CPU
		{050373B3-13F8-AE93-2968-39267CA37D93}.Release|Any CPU.ActiveCfg = Release|Any CPU
		{050373B3-13F8-AE93-2968-39267CA37D93}.Release|Any CPU.Build.0 = Release|Any CPU
	EndGlobalSection
	GlobalSection(SolutionProperties) = preSolution
		HideSolutionNode = FALSE
	EndGlobalSection
	GlobalSection(ExtensibilityGlobals) = postSolution
		SolutionGuid = {C061256B-A53F-4669-A523-2408337480AC}
	EndGlobalSection
EndGlobal
